// !$*UTF8*$!
{
	archiveVersion = 1;
	classes = {
	};
	objectVersion = 46;
	objects = {

/* Begin PBXBuildFile section */
		436EB682ADC6F52828424E7A /* libPods.a in Frameworks */ = {isa = PBXBuildFile; fileRef = 968FFFB0DED61E43DAC9D7C9 /* libPods.a */; };
		B59627241C0202AF00859CCC /* MediaTableViewCell.m in Sources */ = {isa = PBXBuildFile; fileRef = B59627231C0202AF00859CCC /* MediaTableViewCell.m */; };
		B5B4B7FF1C442782007BD654 /* LoginViewController.m in Sources */ = {isa = PBXBuildFile; fileRef = B5B4B7FE1C442782007BD654 /* LoginViewController.m */; };
		B5DB07031BFCC42600532611 /* User.m in Sources */ = {isa = PBXBuildFile; fileRef = B5DB07021BFCC42600532611 /* User.m */; };
		B5DB07061BFCC4FF00532611 /* Media.m in Sources */ = {isa = PBXBuildFile; fileRef = B5DB07051BFCC4FF00532611 /* Media.m */; };
		B5DB07091BFCC5E700532611 /* Comment.m in Sources */ = {isa = PBXBuildFile; fileRef = B5DB07081BFCC5E700532611 /* Comment.m */; };
		B5DB070C1BFCC66700532611 /* DataSource.m in Sources */ = {isa = PBXBuildFile; fileRef = B5DB070B1BFCC66700532611 /* DataSource.m */; };
		B5E978431BF9811D0073F42A /* main.m in Sources */ = {isa = PBXBuildFile; fileRef = B5E978421BF9811D0073F42A /* main.m */; };
		B5E978461BF9811D0073F42A /* AppDelegate.m in Sources */ = {isa = PBXBuildFile; fileRef = B5E978451BF9811D0073F42A /* AppDelegate.m */; };
		B5E9784E1BF9811D0073F42A /* Assets.xcassets in Resources */ = {isa = PBXBuildFile; fileRef = B5E9784D1BF9811D0073F42A /* Assets.xcassets */; };
		B5E978511BF9811D0073F42A /* LaunchScreen.storyboard in Resources */ = {isa = PBXBuildFile; fileRef = B5E9784F1BF9811D0073F42A /* LaunchScreen.storyboard */; };
		B5E9785C1BF9811D0073F42A /* BlocstagramTests.m in Sources */ = {isa = PBXBuildFile; fileRef = B5E9785B1BF9811D0073F42A /* BlocstagramTests.m */; };
		B5E978671BF9811D0073F42A /* BlocstagramUITests.m in Sources */ = {isa = PBXBuildFile; fileRef = B5E978661BF9811D0073F42A /* BlocstagramUITests.m */; };
		B5E9787F1BF989860073F42A /* 1.jpg in Resources */ = {isa = PBXBuildFile; fileRef = B5E978751BF989860073F42A /* 1.jpg */; };
		B5E978801BF989860073F42A /* 2.jpg in Resources */ = {isa = PBXBuildFile; fileRef = B5E978761BF989860073F42A /* 2.jpg */; };
		B5E978811BF989860073F42A /* 3.jpg in Resources */ = {isa = PBXBuildFile; fileRef = B5E978771BF989860073F42A /* 3.jpg */; };
		B5E978821BF989860073F42A /* 4.jpg in Resources */ = {isa = PBXBuildFile; fileRef = B5E978781BF989860073F42A /* 4.jpg */; };
		B5E978831BF989860073F42A /* 5.jpg in Resources */ = {isa = PBXBuildFile; fileRef = B5E978791BF989860073F42A /* 5.jpg */; };
		B5E978841BF989860073F42A /* 6.jpg in Resources */ = {isa = PBXBuildFile; fileRef = B5E9787A1BF989860073F42A /* 6.jpg */; };
		B5E978851BF989860073F42A /* 7.jpg in Resources */ = {isa = PBXBuildFile; fileRef = B5E9787B1BF989860073F42A /* 7.jpg */; };
		B5E978861BF989860073F42A /* 8.jpg in Resources */ = {isa = PBXBuildFile; fileRef = B5E9787C1BF989860073F42A /* 8.jpg */; };
		B5E978871BF989860073F42A /* 9.jpg in Resources */ = {isa = PBXBuildFile; fileRef = B5E9787D1BF989860073F42A /* 9.jpg */; };
		B5E978881BF989860073F42A /* 10.jpg in Resources */ = {isa = PBXBuildFile; fileRef = B5E9787E1BF989860073F42A /* 10.jpg */; };
		B5E9788B1BF98B4B0073F42A /* ImagesTableViewController.m in Sources */ = {isa = PBXBuildFile; fileRef = B5E9788A1BF98B4B0073F42A /* ImagesTableViewController.m */; };
/* End PBXBuildFile section */

/* Begin PBXContainerItemProxy section */
		B5E978581BF9811D0073F42A /* PBXContainerItemProxy */ = {
			isa = PBXContainerItemProxy;
			containerPortal = B5E978361BF9811D0073F42A /* Project object */;
			proxyType = 1;
			remoteGlobalIDString = B5E9783D1BF9811D0073F42A;
			remoteInfo = Blocstagram;
		};
		B5E978631BF9811D0073F42A /* PBXContainerItemProxy */ = {
			isa = PBXContainerItemProxy;
			containerPortal = B5E978361BF9811D0073F42A /* Project object */;
			proxyType = 1;
			remoteGlobalIDString = B5E9783D1BF9811D0073F42A;
			remoteInfo = Blocstagram;
		};
/* End PBXContainerItemProxy section */

/* Begin PBXFileReference section */
		968FFFB0DED61E43DAC9D7C9 /* libPods.a */ = {isa = PBXFileReference; explicitFileType = archive.ar; includeInIndex = 0; path = libPods.a; sourceTree = BUILT_PRODUCTS_DIR; };
		B0796BA7D9BB7C16FEA12C59 /* Pods.debug.xcconfig */ = {isa = PBXFileReference; includeInIndex = 1; lastKnownFileType = text.xcconfig; name = Pods.debug.xcconfig; path = "Pods/Target Support Files/Pods/Pods.debug.xcconfig"; sourceTree = "<group>"; };
		B59627221C0202AF00859CCC /* MediaTableViewCell.h */ = {isa = PBXFileReference; fileEncoding = 4; lastKnownFileType = sourcecode.c.h; name = MediaTableViewCell.h; path = ../MediaTableViewCell.h; sourceTree = "<group>"; };
		B59627231C0202AF00859CCC /* MediaTableViewCell.m */ = {isa = PBXFileReference; fileEncoding = 4; lastKnownFileType = sourcecode.c.objc; name = MediaTableViewCell.m; path = ../MediaTableViewCell.m; sourceTree = "<group>"; };
		B5B4B7FD1C442782007BD654 /* LoginViewController.h */ = {isa = PBXFileReference; fileEncoding = 4; lastKnownFileType = sourcecode.c.h; name = LoginViewController.h; path = ../LoginViewController.h; sourceTree = "<group>"; };
		B5B4B7FE1C442782007BD654 /* LoginViewController.m */ = {isa = PBXFileReference; fileEncoding = 4; lastKnownFileType = sourcecode.c.objc; name = LoginViewController.m; path = ../LoginViewController.m; sourceTree = "<group>"; };
		B5DB07011BFCC42600532611 /* User.h */ = {isa = PBXFileReference; fileEncoding = 4; lastKnownFileType = sourcecode.c.h; path = User.h; sourceTree = "<group>"; };
		B5DB07021BFCC42600532611 /* User.m */ = {isa = PBXFileReference; fileEncoding = 4; lastKnownFileType = sourcecode.c.objc; path = User.m; sourceTree = "<group>"; };
		B5DB07041BFCC4FF00532611 /* Media.h */ = {isa = PBXFileReference; fileEncoding = 4; lastKnownFileType = sourcecode.c.h; path = Media.h; sourceTree = "<group>"; };
		B5DB07051BFCC4FF00532611 /* Media.m */ = {isa = PBXFileReference; fileEncoding = 4; lastKnownFileType = sourcecode.c.objc; path = Media.m; sourceTree = "<group>"; };
		B5DB07071BFCC5E700532611 /* Comment.h */ = {isa = PBXFileReference; fileEncoding = 4; lastKnownFileType = sourcecode.c.h; path = Comment.h; sourceTree = "<group>"; };
		B5DB07081BFCC5E700532611 /* Comment.m */ = {isa = PBXFileReference; fileEncoding = 4; lastKnownFileType = sourcecode.c.objc; path = Comment.m; sourceTree = "<group>"; };
		B5DB070A1BFCC66700532611 /* DataSource.h */ = {isa = PBXFileReference; fileEncoding = 4; lastKnownFileType = sourcecode.c.h; path = DataSource.h; sourceTree = "<group>"; };
		B5DB070B1BFCC66700532611 /* DataSource.m */ = {isa = PBXFileReference; fileEncoding = 4; lastKnownFileType = sourcecode.c.objc; path = DataSource.m; sourceTree = "<group>"; };
		B5E9783E1BF9811D0073F42A /* Blocstagram.app */ = {isa = PBXFileReference; explicitFileType = wrapper.application; includeInIndex = 0; path = Blocstagram.app; sourceTree = BUILT_PRODUCTS_DIR; };
		B5E978421BF9811D0073F42A /* main.m */ = {isa = PBXFileReference; lastKnownFileType = sourcecode.c.objc; path = main.m; sourceTree = "<group>"; };
		B5E978441BF9811D0073F42A /* AppDelegate.h */ = {isa = PBXFileReference; lastKnownFileType = sourcecode.c.h; path = AppDelegate.h; sourceTree = "<group>"; };
		B5E978451BF9811D0073F42A /* AppDelegate.m */ = {isa = PBXFileReference; lastKnownFileType = sourcecode.c.objc; path = AppDelegate.m; sourceTree = "<group>"; };
		B5E9784D1BF9811D0073F42A /* Assets.xcassets */ = {isa = PBXFileReference; lastKnownFileType = folder.assetcatalog; path = Assets.xcassets; sourceTree = "<group>"; };
		B5E978501BF9811D0073F42A /* Base */ = {isa = PBXFileReference; lastKnownFileType = file.storyboard; name = Base; path = Base.lproj/LaunchScreen.storyboard; sourceTree = "<group>"; };
		B5E978521BF9811D0073F42A /* Info.plist */ = {isa = PBXFileReference; lastKnownFileType = text.plist.xml; path = Info.plist; sourceTree = "<group>"; };
		B5E978571BF9811D0073F42A /* BlocstagramTests.xctest */ = {isa = PBXFileReference; explicitFileType = wrapper.cfbundle; includeInIndex = 0; path = BlocstagramTests.xctest; sourceTree = BUILT_PRODUCTS_DIR; };
		B5E9785B1BF9811D0073F42A /* BlocstagramTests.m */ = {isa = PBXFileReference; lastKnownFileType = sourcecode.c.objc; path = BlocstagramTests.m; sourceTree = "<group>"; };
		B5E9785D1BF9811D0073F42A /* Info.plist */ = {isa = PBXFileReference; lastKnownFileType = text.plist.xml; path = Info.plist; sourceTree = "<group>"; };
		B5E978621BF9811D0073F42A /* BlocstagramUITests.xctest */ = {isa = PBXFileReference; explicitFileType = wrapper.cfbundle; includeInIndex = 0; path = BlocstagramUITests.xctest; sourceTree = BUILT_PRODUCTS_DIR; };
		B5E978661BF9811D0073F42A /* BlocstagramUITests.m */ = {isa = PBXFileReference; lastKnownFileType = sourcecode.c.objc; path = BlocstagramUITests.m; sourceTree = "<group>"; };
		B5E978681BF9811D0073F42A /* Info.plist */ = {isa = PBXFileReference; lastKnownFileType = text.plist.xml; path = Info.plist; sourceTree = "<group>"; };
		B5E978751BF989860073F42A /* 1.jpg */ = {isa = PBXFileReference; lastKnownFileType = image.jpeg; path = 1.jpg; sourceTree = "<group>"; };
		B5E978761BF989860073F42A /* 2.jpg */ = {isa = PBXFileReference; lastKnownFileType = image.jpeg; path = 2.jpg; sourceTree = "<group>"; };
		B5E978771BF989860073F42A /* 3.jpg */ = {isa = PBXFileReference; lastKnownFileType = image.jpeg; path = 3.jpg; sourceTree = "<group>"; };
		B5E978781BF989860073F42A /* 4.jpg */ = {isa = PBXFileReference; lastKnownFileType = image.jpeg; path = 4.jpg; sourceTree = "<group>"; };
		B5E978791BF989860073F42A /* 5.jpg */ = {isa = PBXFileReference; lastKnownFileType = image.jpeg; path = 5.jpg; sourceTree = "<group>"; };
		B5E9787A1BF989860073F42A /* 6.jpg */ = {isa = PBXFileReference; lastKnownFileType = image.jpeg; path = 6.jpg; sourceTree = "<group>"; };
		B5E9787B1BF989860073F42A /* 7.jpg */ = {isa = PBXFileReference; lastKnownFileType = image.jpeg; path = 7.jpg; sourceTree = "<group>"; };
		B5E9787C1BF989860073F42A /* 8.jpg */ = {isa = PBXFileReference; lastKnownFileType = image.jpeg; path = 8.jpg; sourceTree = "<group>"; };
		B5E9787D1BF989860073F42A /* 9.jpg */ = {isa = PBXFileReference; lastKnownFileType = image.jpeg; path = 9.jpg; sourceTree = "<group>"; };
		B5E9787E1BF989860073F42A /* 10.jpg */ = {isa = PBXFileReference; lastKnownFileType = image.jpeg; path = 10.jpg; sourceTree = "<group>"; };
		B5E978891BF98B4B0073F42A /* ImagesTableViewController.h */ = {isa = PBXFileReference; fileEncoding = 4; lastKnownFileType = sourcecode.c.h; path = ImagesTableViewController.h; sourceTree = "<group>"; };
		B5E9788A1BF98B4B0073F42A /* ImagesTableViewController.m */ = {isa = PBXFileReference; fileEncoding = 4; lastKnownFileType = sourcecode.c.objc; path = ImagesTableViewController.m; sourceTree = "<group>"; };
		EE22C63ABB067110D624814E /* Pods.release.xcconfig */ = {isa = PBXFileReference; includeInIndex = 1; lastKnownFileType = text.xcconfig; name = Pods.release.xcconfig; path = "Pods/Target Support Files/Pods/Pods.release.xcconfig"; sourceTree = "<group>"; };
/* End PBXFileReference section */

/* Begin PBXFrameworksBuildPhase section */
		B5E9783B1BF9811D0073F42A /* Frameworks */ = {
			isa = PBXFrameworksBuildPhase;
			buildActionMask = 2147483647;
			files = (
				436EB682ADC6F52828424E7A /* libPods.a in Frameworks */,
			);
			runOnlyForDeploymentPostprocessing = 0;
		};
		B5E978541BF9811D0073F42A /* Frameworks */ = {
			isa = PBXFrameworksBuildPhase;
			buildActionMask = 2147483647;
			files = (
			);
			runOnlyForDeploymentPostprocessing = 0;
		};
		B5E9785F1BF9811D0073F42A /* Frameworks */ = {
			isa = PBXFrameworksBuildPhase;
			buildActionMask = 2147483647;
			files = (
			);
			runOnlyForDeploymentPostprocessing = 0;
		};
/* End PBXFrameworksBuildPhase section */

/* Begin PBXGroup section */
		1C1D75462C5FAD932B4F7C5A /* Pods */ = {
			isa = PBXGroup;
			children = (
				B0796BA7D9BB7C16FEA12C59 /* Pods.debug.xcconfig */,
				EE22C63ABB067110D624814E /* Pods.release.xcconfig */,
			);
			name = Pods;
			sourceTree = "<group>";
		};
		8136D4CB0BF1B3995E370AC8 /* Frameworks */ = {
			isa = PBXGroup;
			children = (
				968FFFB0DED61E43DAC9D7C9 /* libPods.a */,
			);
			name = Frameworks;
			sourceTree = "<group>";
		};
		B5E978351BF9811D0073F42A = {
			isa = PBXGroup;
			children = (
				B5E978401BF9811D0073F42A /* Blocstagram */,
				B5E9785A1BF9811D0073F42A /* BlocstagramTests */,
				B5E978651BF9811D0073F42A /* BlocstagramUITests */,
				B5E9783F1BF9811D0073F42A /* Products */,
				1C1D75462C5FAD932B4F7C5A /* Pods */,
				8136D4CB0BF1B3995E370AC8 /* Frameworks */,
			);
			sourceTree = "<group>";
		};
		B5E9783F1BF9811D0073F42A /* Products */ = {
			isa = PBXGroup;
			children = (
				B5E9783E1BF9811D0073F42A /* Blocstagram.app */,
				B5E978571BF9811D0073F42A /* BlocstagramTests.xctest */,
				B5E978621BF9811D0073F42A /* BlocstagramUITests.xctest */,
			);
			name = Products;
			sourceTree = "<group>";
		};
		B5E978401BF9811D0073F42A /* Blocstagram */ = {
			isa = PBXGroup;
			children = (
				B5E978741BF988CC0073F42A /* Images */,
				B5E978441BF9811D0073F42A /* AppDelegate.h */,
				B5E978451BF9811D0073F42A /* AppDelegate.m */,
				B5E978891BF98B4B0073F42A /* ImagesTableViewController.h */,
				B5E9788A1BF98B4B0073F42A /* ImagesTableViewController.m */,
				B59627221C0202AF00859CCC /* MediaTableViewCell.h */,
				B59627231C0202AF00859CCC /* MediaTableViewCell.m */,
				B5DB07011BFCC42600532611 /* User.h */,
				B5DB07021BFCC42600532611 /* User.m */,
				B5DB07041BFCC4FF00532611 /* Media.h */,
				B5DB07051BFCC4FF00532611 /* Media.m */,
				B5DB07071BFCC5E700532611 /* Comment.h */,
				B5DB07081BFCC5E700532611 /* Comment.m */,
				B5DB070A1BFCC66700532611 /* DataSource.h */,
				B5DB070B1BFCC66700532611 /* DataSource.m */,
				B5B4B7FD1C442782007BD654 /* LoginViewController.h */,
				B5B4B7FE1C442782007BD654 /* LoginViewController.m */,
				B5E9784D1BF9811D0073F42A /* Assets.xcassets */,
				B5E9784F1BF9811D0073F42A /* LaunchScreen.storyboard */,
				B5E978521BF9811D0073F42A /* Info.plist */,
				B5E978411BF9811D0073F42A /* Supporting Files */,
			);
			path = Blocstagram;
			sourceTree = "<group>";
		};
		B5E978411BF9811D0073F42A /* Supporting Files */ = {
			isa = PBXGroup;
			children = (
				B5E978421BF9811D0073F42A /* main.m */,
			);
			name = "Supporting Files";
			sourceTree = "<group>";
		};
		B5E9785A1BF9811D0073F42A /* BlocstagramTests */ = {
			isa = PBXGroup;
			children = (
				B5E9785B1BF9811D0073F42A /* BlocstagramTests.m */,
				B5E9785D1BF9811D0073F42A /* Info.plist */,
			);
			path = BlocstagramTests;
			sourceTree = "<group>";
		};
		B5E978651BF9811D0073F42A /* BlocstagramUITests */ = {
			isa = PBXGroup;
			children = (
				B5E978661BF9811D0073F42A /* BlocstagramUITests.m */,
				B5E978681BF9811D0073F42A /* Info.plist */,
			);
			path = BlocstagramUITests;
			sourceTree = "<group>";
		};
		B5E978741BF988CC0073F42A /* Images */ = {
			isa = PBXGroup;
			children = (
				B5E978751BF989860073F42A /* 1.jpg */,
				B5E978761BF989860073F42A /* 2.jpg */,
				B5E978771BF989860073F42A /* 3.jpg */,
				B5E978781BF989860073F42A /* 4.jpg */,
				B5E978791BF989860073F42A /* 5.jpg */,
				B5E9787A1BF989860073F42A /* 6.jpg */,
				B5E9787B1BF989860073F42A /* 7.jpg */,
				B5E9787C1BF989860073F42A /* 8.jpg */,
				B5E9787D1BF989860073F42A /* 9.jpg */,
				B5E9787E1BF989860073F42A /* 10.jpg */,
			);
			name = Images;
			sourceTree = "<group>";
		};
/* End PBXGroup section */

/* Begin PBXNativeTarget section */
		B5E9783D1BF9811D0073F42A /* Blocstagram */ = {
			isa = PBXNativeTarget;
			buildConfigurationList = B5E9786B1BF9811D0073F42A /* Build configuration list for PBXNativeTarget "Blocstagram" */;
			buildPhases = (
				DFB9E6952B6C5CA528B26034 /* Check Pods Manifest.lock */,
				B5E9783A1BF9811D0073F42A /* Sources */,
				B5E9783B1BF9811D0073F42A /* Frameworks */,
				B5E9783C1BF9811D0073F42A /* Resources */,
				3477610028AD03306F27F285 /* Embed Pods Frameworks */,
				E7CAE4A2633C366418D37656 /* Copy Pods Resources */,
			);
			buildRules = (
			);
			dependencies = (
			);
			name = Blocstagram;
			productName = Blocstagram;
			productReference = B5E9783E1BF9811D0073F42A /* Blocstagram.app */;
			productType = "com.apple.product-type.application";
		};
		B5E978561BF9811D0073F42A /* BlocstagramTests */ = {
			isa = PBXNativeTarget;
			buildConfigurationList = B5E9786E1BF9811D0073F42A /* Build configuration list for PBXNativeTarget "BlocstagramTests" */;
			buildPhases = (
				B5E978531BF9811D0073F42A /* Sources */,
				B5E978541BF9811D0073F42A /* Frameworks */,
				B5E978551BF9811D0073F42A /* Resources */,
			);
			buildRules = (
			);
			dependencies = (
				B5E978591BF9811D0073F42A /* PBXTargetDependency */,
			);
			name = BlocstagramTests;
			productName = BlocstagramTests;
			productReference = B5E978571BF9811D0073F42A /* BlocstagramTests.xctest */;
			productType = "com.apple.product-type.bundle.unit-test";
		};
		B5E978611BF9811D0073F42A /* BlocstagramUITests */ = {
			isa = PBXNativeTarget;
			buildConfigurationList = B5E978711BF9811D0073F42A /* Build configuration list for PBXNativeTarget "BlocstagramUITests" */;
			buildPhases = (
				B5E9785E1BF9811D0073F42A /* Sources */,
				B5E9785F1BF9811D0073F42A /* Frameworks */,
				B5E978601BF9811D0073F42A /* Resources */,
			);
			buildRules = (
			);
			dependencies = (
				B5E978641BF9811D0073F42A /* PBXTargetDependency */,
			);
			name = BlocstagramUITests;
			productName = BlocstagramUITests;
			productReference = B5E978621BF9811D0073F42A /* BlocstagramUITests.xctest */;
			productType = "com.apple.product-type.bundle.ui-testing";
		};
/* End PBXNativeTarget section */

/* Begin PBXProject section */
		B5E978361BF9811D0073F42A /* Project object */ = {
			isa = PBXProject;
			attributes = {
				LastUpgradeCheck = 0710;
				ORGANIZATIONNAME = "Ben Simmons";
				TargetAttributes = {
					B5E9783D1BF9811D0073F42A = {
						CreatedOnToolsVersion = 7.1.1;
					};
					B5E978561BF9811D0073F42A = {
						CreatedOnToolsVersion = 7.1.1;
						TestTargetID = B5E9783D1BF9811D0073F42A;
					};
					B5E978611BF9811D0073F42A = {
						CreatedOnToolsVersion = 7.1.1;
						TestTargetID = B5E9783D1BF9811D0073F42A;
					};
				};
			};
			buildConfigurationList = B5E978391BF9811D0073F42A /* Build configuration list for PBXProject "Blocstagram" */;
			compatibilityVersion = "Xcode 3.2";
			developmentRegion = English;
			hasScannedForEncodings = 0;
			knownRegions = (
				en,
				Base,
			);
			mainGroup = B5E978351BF9811D0073F42A;
			productRefGroup = B5E9783F1BF9811D0073F42A /* Products */;
			projectDirPath = "";
			projectRoot = "";
			targets = (
				B5E9783D1BF9811D0073F42A /* Blocstagram */,
				B5E978561BF9811D0073F42A /* BlocstagramTests */,
				B5E978611BF9811D0073F42A /* BlocstagramUITests */,
			);
		};
/* End PBXProject section */

/* Begin PBXResourcesBuildPhase section */
		B5E9783C1BF9811D0073F42A /* Resources */ = {
			isa = PBXResourcesBuildPhase;
			buildActionMask = 2147483647;
			files = (
				B5E978871BF989860073F42A /* 9.jpg in Resources */,
				B5E978861BF989860073F42A /* 8.jpg in Resources */,
				B5E978821BF989860073F42A /* 4.jpg in Resources */,
				B5E978811BF989860073F42A /* 3.jpg in Resources */,
				B5E978841BF989860073F42A /* 6.jpg in Resources */,
				B5E9787F1BF989860073F42A /* 1.jpg in Resources */,
				B5E978511BF9811D0073F42A /* LaunchScreen.storyboard in Resources */,
				B5E978831BF989860073F42A /* 5.jpg in Resources */,
				B5E978851BF989860073F42A /* 7.jpg in Resources */,
				B5E978801BF989860073F42A /* 2.jpg in Resources */,
				B5E978881BF989860073F42A /* 10.jpg in Resources */,
				B5E9784E1BF9811D0073F42A /* Assets.xcassets in Resources */,
			);
			runOnlyForDeploymentPostprocessing = 0;
		};
		B5E978551BF9811D0073F42A /* Resources */ = {
			isa = PBXResourcesBuildPhase;
			buildActionMask = 2147483647;
			files = (
			);
			runOnlyForDeploymentPostprocessing = 0;
		};
		B5E978601BF9811D0073F42A /* Resources */ = {
			isa = PBXResourcesBuildPhase;
			buildActionMask = 2147483647;
			files = (
			);
			runOnlyForDeploymentPostprocessing = 0;
		};
/* End PBXResourcesBuildPhase section */

/* Begin PBXShellScriptBuildPhase section */
		3477610028AD03306F27F285 /* Embed Pods Frameworks */ = {
			isa = PBXShellScriptBuildPhase;
			buildActionMask = 2147483647;
			files = (
			);
			inputPaths = (
			);
			name = "Embed Pods Frameworks";
			outputPaths = (
			);
			runOnlyForDeploymentPostprocessing = 0;
			shellPath = /bin/sh;
			shellScript = "\"${SRCROOT}/Pods/Target Support Files/Pods/Pods-frameworks.sh\"\n";
			showEnvVarsInLog = 0;
		};
		DFB9E6952B6C5CA528B26034 /* Check Pods Manifest.lock */ = {
			isa = PBXShellScriptBuildPhase;
			buildActionMask = 2147483647;
			files = (
			);
			inputPaths = (
			);
			name = "Check Pods Manifest.lock";
			outputPaths = (
			);
			runOnlyForDeploymentPostprocessing = 0;
			shellPath = /bin/sh;
			shellScript = "diff \"${PODS_ROOT}/../Podfile.lock\" \"${PODS_ROOT}/Manifest.lock\" > /dev/null\nif [[ $? != 0 ]] ; then\n    cat << EOM\nerror: The sandbox is not in sync with the Podfile.lock. Run 'pod install' or update your CocoaPods installation.\nEOM\n    exit 1\nfi\n";
			showEnvVarsInLog = 0;
		};
		E7CAE4A2633C366418D37656 /* Copy Pods Resources */ = {
			isa = PBXShellScriptBuildPhase;
			buildActionMask = 2147483647;
			files = (
			);
			inputPaths = (
			);
			name = "Copy Pods Resources";
			outputPaths = (
			);
			runOnlyForDeploymentPostprocessing = 0;
			shellPath = /bin/sh;
			shellScript = "\"${SRCROOT}/Pods/Target Support Files/Pods/Pods-resources.sh\"\n";
			showEnvVarsInLog = 0;
		};
/* End PBXShellScriptBuildPhase section */

/* Begin PBXSourcesBuildPhase section */
		B5E9783A1BF9811D0073F42A /* Sources */ = {
			isa = PBXSourcesBuildPhase;
			buildActionMask = 2147483647;
			files = (
				B5DB07031BFCC42600532611 /* User.m in Sources */,
				B5DB07091BFCC5E700532611 /* Comment.m in Sources */,
				B59627241C0202AF00859CCC /* MediaTableViewCell.m in Sources */,
				B5DB07061BFCC4FF00532611 /* Media.m in Sources */,
				B5E978461BF9811D0073F42A /* AppDelegate.m in Sources */,
				B5B4B7FF1C442782007BD654 /* LoginViewController.m in Sources */,
				B5DB070C1BFCC66700532611 /* DataSource.m in Sources */,
				B5E978431BF9811D0073F42A /* main.m in Sources */,
				B5E9788B1BF98B4B0073F42A /* ImagesTableViewController.m in Sources */,
			);
			runOnlyForDeploymentPostprocessing = 0;
		};
		B5E978531BF9811D0073F42A /* Sources */ = {
			isa = PBXSourcesBuildPhase;
			buildActionMask = 2147483647;
			files = (
				B5E9785C1BF9811D0073F42A /* BlocstagramTests.m in Sources */,
			);
			runOnlyForDeploymentPostprocessing = 0;
		};
		B5E9785E1BF9811D0073F42A /* Sources */ = {
			isa = PBXSourcesBuildPhase;
			buildActionMask = 2147483647;
			files = (
				B5E978671BF9811D0073F42A /* BlocstagramUITests.m in Sources */,
			);
			runOnlyForDeploymentPostprocessing = 0;
		};
/* End PBXSourcesBuildPhase section */

/* Begin PBXTargetDependency section */
		B5E978591BF9811D0073F42A /* PBXTargetDependency */ = {
			isa = PBXTargetDependency;
			target = B5E9783D1BF9811D0073F42A /* Blocstagram */;
			targetProxy = B5E978581BF9811D0073F42A /* PBXContainerItemProxy */;
		};
		B5E978641BF9811D0073F42A /* PBXTargetDependency */ = {
			isa = PBXTargetDependency;
			target = B5E9783D1BF9811D0073F42A /* Blocstagram */;
			targetProxy = B5E978631BF9811D0073F42A /* PBXContainerItemProxy */;
		};
/* End PBXTargetDependency section */

/* Begin PBXVariantGroup section */
		B5E9784F1BF9811D0073F42A /* LaunchScreen.storyboard */ = {
			isa = PBXVariantGroup;
			children = (
				B5E978501BF9811D0073F42A /* Base */,
			);
			name = LaunchScreen.storyboard;
			sourceTree = "<group>";
		};
/* End PBXVariantGroup section */

/* Begin XCBuildConfiguration section */
		B5E978691BF9811D0073F42A /* Debug */ = {
			isa = XCBuildConfiguration;
			buildSettings = {
				ALWAYS_SEARCH_USER_PATHS = NO;
				CLANG_CXX_LANGUAGE_STANDARD = "gnu++0x";
				CLANG_CXX_LIBRARY = "libc++";
				CLANG_ENABLE_MODULES = YES;
				CLANG_ENABLE_OBJC_ARC = YES;
				CLANG_WARN_BOOL_CONVERSION = YES;
				CLANG_WARN_CONSTANT_CONVERSION = YES;
				CLANG_WARN_DIRECT_OBJC_ISA_USAGE = YES_ERROR;
				CLANG_WARN_EMPTY_BODY = YES;
				CLANG_WARN_ENUM_CONVERSION = YES;
				CLANG_WARN_INT_CONVERSION = YES;
				CLANG_WARN_OBJC_ROOT_CLASS = YES_ERROR;
				CLANG_WARN_UNREACHABLE_CODE = YES;
				CLANG_WARN__DUPLICATE_METHOD_MATCH = YES;
				"CODE_SIGN_IDENTITY[sdk=iphoneos*]" = "iPhone Developer";
				COPY_PHASE_STRIP = NO;
				DEBUG_INFORMATION_FORMAT = dwarf;
				ENABLE_STRICT_OBJC_MSGSEND = YES;
				ENABLE_TESTABILITY = YES;
				GCC_C_LANGUAGE_STANDARD = gnu99;
				GCC_DYNAMIC_NO_PIC = NO;
				GCC_NO_COMMON_BLOCKS = YES;
				GCC_OPTIMIZATION_LEVEL = 0;
				GCC_PREPROCESSOR_DEFINITIONS = (
					"DEBUG=1",
					"$(inherited)",
				);
				GCC_WARN_64_TO_32_BIT_CONVERSION = YES;
				GCC_WARN_ABOUT_RETURN_TYPE = YES_ERROR;
				GCC_WARN_UNDECLARED_SELECTOR = YES;
				GCC_WARN_UNINITIALIZED_AUTOS = YES_AGGRESSIVE;
				GCC_WARN_UNUSED_FUNCTION = YES;
				GCC_WARN_UNUSED_VARIABLE = YES;
				IPHONEOS_DEPLOYMENT_TARGET = 9.1;
				MTL_ENABLE_DEBUG_INFO = YES;
				ONLY_ACTIVE_ARCH = YES;
				SDKROOT = iphoneos;
				TARGETED_DEVICE_FAMILY = "1,2";
			};
			name = Debug;
		};
		B5E9786A1BF9811D0073F42A /* Release */ = {
			isa = XCBuildConfiguration;
			buildSettings = {
				ALWAYS_SEARCH_USER_PATHS = NO;
				CLANG_CXX_LANGUAGE_STANDARD = "gnu++0x";
				CLANG_CXX_LIBRARY = "libc++";
				CLANG_ENABLE_MODULES = YES;
				CLANG_ENABLE_OBJC_ARC = YES;
				CLANG_WARN_BOOL_CONVERSION = YES;
				CLANG_WARN_CONSTANT_CONVERSION = YES;
				CLANG_WARN_DIRECT_OBJC_ISA_USAGE = YES_ERROR;
				CLANG_WARN_EMPTY_BODY = YES;
				CLANG_WARN_ENUM_CONVERSION = YES;
				CLANG_WARN_INT_CONVERSION = YES;
				CLANG_WARN_OBJC_ROOT_CLASS = YES_ERROR;
				CLANG_WARN_UNREACHABLE_CODE = YES;
				CLANG_WARN__DUPLICATE_METHOD_MATCH = YES;
				"CODE_SIGN_IDENTITY[sdk=iphoneos*]" = "iPhone Developer";
				COPY_PHASE_STRIP = NO;
				DEBUG_INFORMATION_FORMAT = "dwarf-with-dsym";
				ENABLE_NS_ASSERTIONS = NO;
				ENABLE_STRICT_OBJC_MSGSEND = YES;
				GCC_C_LANGUAGE_STANDARD = gnu99;
				GCC_NO_COMMON_BLOCKS = YES;
				GCC_WARN_64_TO_32_BIT_CONVERSION = YES;
				GCC_WARN_ABOUT_RETURN_TYPE = YES_ERROR;
				GCC_WARN_UNDECLARED_SELECTOR = YES;
				GCC_WARN_UNINITIALIZED_AUTOS = YES_AGGRESSIVE;
				GCC_WARN_UNUSED_FUNCTION = YES;
				GCC_WARN_UNUSED_VARIABLE = YES;
				IPHONEOS_DEPLOYMENT_TARGET = 9.1;
				MTL_ENABLE_DEBUG_INFO = NO;
				SDKROOT = iphoneos;
				TARGETED_DEVICE_FAMILY = "1,2";
				VALIDATE_PRODUCT = YES;
			};
			name = Release;
		};
		B5E9786C1BF9811D0073F42A /* Debug */ = {
			isa = XCBuildConfiguration;
			baseConfigurationReference = B0796BA7D9BB7C16FEA12C59 /* Pods.debug.xcconfig */;
			buildSettings = {
				ASSETCATALOG_COMPILER_APPICON_NAME = AppIcon;
				INFOPLIST_FILE = Blocstagram/Info.plist;
				IPHONEOS_DEPLOYMENT_TARGET = 8.4;
				LD_RUNPATH_SEARCH_PATHS = "$(inherited) @executable_path/Frameworks";
				PRODUCT_BUNDLE_IDENTIFIER = com.bensimmons.Blocstagram;
				PRODUCT_NAME = "$(TARGET_NAME)";
			};
			name = Debug;
		};
		B5E9786D1BF9811D0073F42A /* Release */ = {
			isa = XCBuildConfiguration;
			baseConfigurationReference = EE22C63ABB067110D624814E /* Pods.release.xcconfig */;
			buildSettings = {
				ASSETCATALOG_COMPILER_APPICON_NAME = AppIcon;
				INFOPLIST_FILE = Blocstagram/Info.plist;
				IPHONEOS_DEPLOYMENT_TARGET = 8.4;
				LD_RUNPATH_SEARCH_PATHS = "$(inherited) @executable_path/Frameworks";
				PRODUCT_BUNDLE_IDENTIFIER = com.bensimmons.Blocstagram;
				PRODUCT_NAME = "$(TARGET_NAME)";
			};
			name = Release;
		};
		B5E9786F1BF9811D0073F42A /* Debug */ = {
			isa = XCBuildConfiguration;
			buildSettings = {
				BUNDLE_LOADER = "$(TEST_HOST)";
				INFOPLIST_FILE = BlocstagramTests/Info.plist;
				LD_RUNPATH_SEARCH_PATHS = "$(inherited) @executable_path/Frameworks @loader_path/Frameworks";
				PRODUCT_BUNDLE_IDENTIFIER = com.bensimmons.BlocstagramTests;
				PRODUCT_NAME = "$(TARGET_NAME)";
				TEST_HOST = "$(BUILT_PRODUCTS_DIR)/Blocstagram.app/Blocstagram";
			};
			name = Debug;
		};
		B5E978701BF9811D0073F42A /* Release */ = {
			isa = XCBuildConfiguration;
			buildSettings = {
				BUNDLE_LOADER = "$(TEST_HOST)";
				INFOPLIST_FILE = BlocstagramTests/Info.plist;
				LD_RUNPATH_SEARCH_PATHS = "$(inherited) @executable_path/Frameworks @loader_path/Frameworks";
				PRODUCT_BUNDLE_IDENTIFIER = com.bensimmons.BlocstagramTests;
				PRODUCT_NAME = "$(TARGET_NAME)";
				TEST_HOST = "$(BUILT_PRODUCTS_DIR)/Blocstagram.app/Blocstagram";
			};
			name = Release;
		};
		B5E978721BF9811D0073F42A /* Debug */ = {
			isa = XCBuildConfiguration;
			buildSettings = {
				INFOPLIST_FILE = BlocstagramUITests/Info.plist;
				LD_RUNPATH_SEARCH_PATHS = "$(inherited) @executable_path/Frameworks @loader_path/Frameworks";
				PRODUCT_BUNDLE_IDENTIFIER = com.bensimmons.BlocstagramUITests;
				PRODUCT_NAME = "$(TARGET_NAME)";
				TEST_TARGET_NAME = Blocstagram;
				USES_XCTRUNNER = YES;
			};
			name = Debug;
		};
		B5E978731BF9811D0073F42A /* Release */ = {
			isa = XCBuildConfiguration;
			buildSettings = {
				INFOPLIST_FILE = BlocstagramUITests/Info.plist;
				LD_RUNPATH_SEARCH_PATHS = "$(inherited) @executable_path/Frameworks @loader_path/Frameworks";
				PRODUCT_BUNDLE_IDENTIFIER = com.bensimmons.BlocstagramUITests;
				PRODUCT_NAME = "$(TARGET_NAME)";
				TEST_TARGET_NAME = Blocstagram;
				USES_XCTRUNNER = YES;
			};
			name = Release;
		};
/* End XCBuildConfiguration section */

/* Begin XCConfigurationList section */
		B5E978391BF9811D0073F42A /* Build configuration list for PBXProject "Blocstagram" */ = {
			isa = XCConfigurationList;
			buildConfigurations = (
				B5E978691BF9811D0073F42A /* Debug */,
				B5E9786A1BF9811D0073F42A /* Release */,
			);
			defaultConfigurationIsVisible = 0;
			defaultConfigurationName = Release;
		};
		B5E9786B1BF9811D0073F42A /* Build configuration list for PBXNativeTarget "Blocstagram" */ = {
			isa = XCConfigurationList;
			buildConfigurations = (
				B5E9786C1BF9811D0073F42A /* Debug */,
				B5E9786D1BF9811D0073F42A /* Release */,
			);
			defaultConfigurationIsVisible = 0;
			defaultConfigurationName = Release;
		};
		B5E9786E1BF9811D0073F42A /* Build configuration list for PBXNativeTarget "BlocstagramTests" */ = {
			isa = XCConfigurationList;
			buildConfigurations = (
				B5E9786F1BF9811D0073F42A /* Debug */,
				B5E978701BF9811D0073F42A /* Release */,
			);
			defaultConfigurationIsVisible = 0;
			defaultConfigurationName = Release;
		};
		B5E978711BF9811D0073F42A /* Build configuration list for PBXNativeTarget "BlocstagramUITests" */ = {
			isa = XCConfigurationList;
			buildConfigurations = (
				B5E978721BF9811D0073F42A /* Debug */,
				B5E978731BF9811D0073F42A /* Release */,
			);
			defaultConfigurationIsVisible = 0;
			defaultConfigurationName = Release;
		};
/* End XCConfigurationList section */
	};
	rootObject = B5E978361BF9811D0073F42A /* Project object */;
}
